
Microsoft Visual Studio Solution File, Format Version 12.00
# Visual Studio Version 17
VisualStudioVersion = 17.13.35931.197 d17.13
MinimumVisualStudioVersion = 10.0.40219.1
Project("{FAE04EC0-301F-11D3-BF4B-00C04F79EFBC}") = "BridgeDemo", "BridgeDemo.csproj", "{3EAD091A-8CD6-4A21-9BF1-9777A5C979AE}"
EndProject
Global
	GlobalSection(SolutionConfigurationPlatforms) = preSolution
		Debug|Any CPU = Debug|Any CPU
		Release|Any CPU = Release|Any CPU
	EndGlobalSection
	GlobalSection(ProjectConfigurationPlatforms) = postSolution
		{3EAD091A-8CD6-4A21-9BF1-9777A5C979AE}.Debug|Any CPU.ActiveCfg = Debug|Any CPU
		{3EAD091A-8CD6-4A21-9BF1-9777A5C979AE}.Debug|Any CPU.Build.0 = Debug|Any CPU
		{3EAD091A-8CD6-4A21-9BF1-9777A5C979AE}.Release|Any CPU.ActiveCfg = Release|Any CPU
		{3EAD091A-8CD6-4A21-9BF1-9777A5C979AE}.Release|Any CPU.Build.0 = Release|Any CPU
	EndGlobalSection
	GlobalSection(SolutionProperties) = preSolution
		HideSolutionNode = FALSE
	EndGlobalSection
	GlobalSection(ExtensibilityGlobals) = postSolution
		SolutionGuid = {E6241485-47EE-4355-B566-03AE39D563F5}
	EndGlobalSection
EndGlobal
