
Microsoft Visual Studio Solution File, Format Version 12.00
# Visual Studio Version 17
VisualStudioVersion = 17.13.35931.197 d17.13
MinimumVisualStudioVersion = 10.0.40219.1
Project("{FAE04EC0-301F-11D3-BF4B-00C04F79EFBC}") = "TaskManager", "TaskManager.csproj", "{50DF5CF1-DDB1-4E25-BB84-67E52E2A9782}"
EndProject
Global
	GlobalSection(SolutionConfigurationPlatforms) = preSolution
		Debug|Any CPU = Debug|Any CPU
		Release|Any CPU = Release|Any CPU
	EndGlobalSection
	GlobalSection(ProjectConfigurationPlatforms) = postSolution
		{50DF5CF1-DDB1-4E25-BB84-67E52E2A9782}.Debug|Any CPU.ActiveCfg = Debug|Any CPU
		{50DF5CF1-DDB1-4E25-BB84-67E52E2A9782}.Debug|Any CPU.Build.0 = Debug|Any CPU
		{50DF5CF1-DDB1-4E25-BB84-67E52E2A9782}.Release|Any CPU.ActiveCfg = Release|Any CPU
		{50DF5CF1-DDB1-4E25-BB84-67E52E2A9782}.Release|Any CPU.Build.0 = Release|Any CPU
	EndGlobalSection
	GlobalSection(SolutionProperties) = preSolution
		HideSolutionNode = FALSE
	EndGlobalSection
	GlobalSection(ExtensibilityGlobals) = postSolution
		SolutionGuid = {484ED27E-7A55-4D4D-AC5C-5F22DB23C858}
	EndGlobalSection
EndGlobal
